
Microsoft Visual Studio Solution File, Format Version 12.00
# Visual Studio Version 16
VisualStudioVersion = 16.0.31424.327
MinimumVisualStudioVersion = 10.0.40219.1
Project("{FAE04EC0-301F-11D3-BF4B-00C04F79EFBC}") = "my-books", "my-books\my-books.csproj", "{1019F5E6-EC6D-4D9B-9F7F-C994AE374D31}"
EndProject
Global
	GlobalSection(SolutionConfigurationPlatforms) = preSolution
		Debug|Any CPU = Debug|Any CPU
		Release|Any CPU = Release|Any CPU
	EndGlobalSection
	GlobalSection(ProjectConfigurationPlatforms) = postSolution
		{1019F5E6-EC6D-4D9B-9F7F-C994AE374D31}.Debug|Any CPU.ActiveCfg = Debug|Any CPU
		{1019F5E6-EC6D-4D9B-9F7F-C994AE374D31}.Debug|Any CPU.Build.0 = Debug|Any CPU
		{1019F5E6-EC6D-4D9B-9F7F-C994AE374D31}.Release|Any CPU.ActiveCfg = Release|Any CPU
		{1019F5E6-EC6D-4D9B-9F7F-C994AE374D31}.Release|Any CPU.Build.0 = Release|Any CPU
	EndGlobalSection
	GlobalSection(SolutionProperties) = preSolution
		HideSolutionNode = FALSE
	EndGlobalSection
	GlobalSection(ExtensibilityGlobals) = postSolution
		SolutionGuid = {B4E32A35-7A03-41AB-A95A-B78D2F42ACFE}
	EndGlobalSection
EndGlobal
